
Microsoft Visual Studio Solution File, Format Version 12.00
# Visual Studio Version 17
VisualStudioVersion = 17.1.32228.430
MinimumVisualStudioVersion = 10.0.40219.1
Project("{9A19103F-16F7-4668-BE54-9A1E7A4F7556}") = "AppointmentSystem", "AppointmentSystem\AppointmentSystem.csproj", "{A65672ED-C3F8-4403-91F5-2C822E0857DE}"
EndProject
Global
	GlobalSection(SolutionConfigurationPlatforms) = preSolution
		Debug|Any CPU = Debug|Any CPU
		Release|Any CPU = Release|Any CPU
	EndGlobalSection
	GlobalSection(ProjectConfigurationPlatforms) = postSolution
		{A65672ED-C3F8-4403-91F5-2C822E0857DE}.Debug|Any CPU.ActiveCfg = Debug|Any CPU
		{A65672ED-C3F8-4403-91F5-2C822E0857DE}.Debug|Any CPU.Build.0 = Debug|Any CPU
		{A65672ED-C3F8-4403-91F5-2C822E0857DE}.Release|Any CPU.ActiveCfg = Release|Any CPU
		{A65672ED-C3F8-4403-91F5-2C822E0857DE}.Release|Any CPU.Build.0 = Release|Any CPU
	EndGlobalSection
	GlobalSection(SolutionProperties) = preSolution
		HideSolutionNode = FALSE
	EndGlobalSection
	GlobalSection(ExtensibilityGlobals) = postSolution
		SolutionGuid = {31595489-C77C-4A2B-B630-117FA2ABC4D2}
	EndGlobalSection
EndGlobal
